# THIS IS AN AUTOGENERATED FILE. DO NOT EDIT THIS FILE DIRECTLY.
# yarn lockfile v1


assignment@2.0.0:
  version "2.0.0"
  resolved "https://registry.yarnpkg.com/assignment/-/assignment-2.0.0.tgz#ffd17b21bf5d6b22e777b989681a815456a3dd3e"
  integrity sha1-/9F7Ib9dayLnd7mJaBqBVFaj3T4=

he@0.5.0:
  version "0.5.0"
  resolved "https://registry.yarnpkg.com/he/-/he-0.5.0.tgz#2c05ffaef90b68e860f3fd2b54ef580989277ee2"
  integrity sha1-LAX/rvkLaOhg8/0rVO9YCYknfuI=

insane@^2.6.2:
  version "2.6.2"
  resolved "https://registry.yarnpkg.com/insane/-/insane-2.6.2.tgz#c2ab68bb3e006ab451560d1b446917329c0a8120"
  integrity sha1-wqtouz4AarRRVg0bRGkXMpwKgSA=
  dependencies:
    assignment "2.0.0"
    he "0.5.0"

lodash.merge@^4.6.2:
  version "4.6.2"
  resolved "https://registry.yarnpkg.com/lodash.merge/-/lodash.merge-4.6.2.tgz#558aa53b43b661e1925a0afdfa36a9a1085fe57a"
  integrity sha512-0KpjqXRVvrYyCsX1swR/XTK0va6VQkQM6MNo7PqW77ByjAhoARA8EfrP1N4+KlKj8YS0ZUCtRT/YUuhyYDujIQ==
